
Microsoft Visual Studio Solution File, Format Version 12.00
# Visual Studio Version 16
VisualStudioVersion = 16.0.32126.315
MinimumVisualStudioVersion = 10.0.40219.1
Project("{FAE04EC0-301F-11D3-BF4B-00C04F79EFBC}") = "WCF.Client", "WCF.Client\WCF.Client.csproj", "{A25C3299-4497-40A3-A40E-DB2FCFC249AD}"
EndProject
Global
	GlobalSection(SolutionConfigurationPlatforms) = preSolution
		Debug|Any CPU = Debug|Any CPU
		Release|Any CPU = Release|Any CPU
	EndGlobalSection
	GlobalSection(ProjectConfigurationPlatforms) = postSolution
		{A25C3299-4497-40A3-A40E-DB2FCFC249AD}.Debug|Any CPU.ActiveCfg = Debug|Any CPU
		{A25C3299-4497-40A3-A40E-DB2FCFC249AD}.Debug|Any CPU.Build.0 = Debug|Any CPU
		{A25C3299-4497-40A3-A40E-DB2FCFC249AD}.Release|Any CPU.ActiveCfg = Release|Any CPU
		{A25C3299-4497-40A3-A40E-DB2FCFC249AD}.Release|Any CPU.Build.0 = Release|Any CPU
	EndGlobalSection
	GlobalSection(SolutionProperties) = preSolution
		HideSolutionNode = FALSE
	EndGlobalSection
	GlobalSection(ExtensibilityGlobals) = postSolution
		SolutionGuid = {B51E6C88-9879-4ED0-9927-6D1D4DEDF841}
	EndGlobalSection
EndGlobal
