
Microsoft Visual Studio Solution File, Format Version 12.00
# Visual Studio Version 16
VisualStudioVersion = 16.0.32126.315
MinimumVisualStudioVersion = 10.0.40219.1
Project("{FAE04EC0-301F-11D3-BF4B-00C04F79EFBC}") = "WCF.Service", "WCF.Service\WCF.Service.csproj", "{5399D24F-FCAD-4F31-A972-086BBD7E82F7}"
EndProject
Project("{FAE04EC0-301F-11D3-BF4B-00C04F79EFBC}") = "WCF.Host", "WCF.Host\WCF.Host.csproj", "{7010D063-E8F1-4895-8AFD-BA702CD68E90}"
EndProject
Global
	GlobalSection(SolutionConfigurationPlatforms) = preSolution
		Debug|Any CPU = Debug|Any CPU
		Release|Any CPU = Release|Any CPU
	EndGlobalSection
	GlobalSection(ProjectConfigurationPlatforms) = postSolution
		{5399D24F-FCAD-4F31-A972-086BBD7E82F7}.Debug|Any CPU.ActiveCfg = Debug|Any CPU
		{5399D24F-FCAD-4F31-A972-086BBD7E82F7}.Debug|Any CPU.Build.0 = Debug|Any CPU
		{5399D24F-FCAD-4F31-A972-086BBD7E82F7}.Release|Any CPU.ActiveCfg = Release|Any CPU
		{5399D24F-FCAD-4F31-A972-086BBD7E82F7}.Release|Any CPU.Build.0 = Release|Any CPU
		{7010D063-E8F1-4895-8AFD-BA702CD68E90}.Debug|Any CPU.ActiveCfg = Debug|Any CPU
		{7010D063-E8F1-4895-8AFD-BA702CD68E90}.Debug|Any CPU.Build.0 = Debug|Any CPU
		{7010D063-E8F1-4895-8AFD-BA702CD68E90}.Release|Any CPU.ActiveCfg = Release|Any CPU
		{7010D063-E8F1-4895-8AFD-BA702CD68E90}.Release|Any CPU.Build.0 = Release|Any CPU
	EndGlobalSection
	GlobalSection(SolutionProperties) = preSolution
		HideSolutionNode = FALSE
	EndGlobalSection
	GlobalSection(ExtensibilityGlobals) = postSolution
		SolutionGuid = {B3E82A08-684B-4992-9185-991301FBDC8F}
	EndGlobalSection
EndGlobal
